
Microsoft Visual Studio Solution File, Format Version 12.00
# Visual Studio Version 16
VisualStudioVersion = 16.0.31321.278
MinimumVisualStudioVersion = 10.0.40219.1
Project("{9A19103F-16F7-4668-BE54-9A1E7A4F7556}") = "API", "API\API.csproj", "{CE9E8C3B-3813-4F4D-8F2E-75DB6B62BB1C}"
EndProject
Project("{FAE04EC0-301F-11D3-BF4B-00C04F79EFBC}") = "API.Test", "API.Test\API.Test.csproj", "{57DA3ADB-C91D-4AB9-BDF6-4503D9CEAD67}"
EndProject
Global
	GlobalSection(SolutionConfigurationPlatforms) = preSolution
		Debug|Any CPU = Debug|Any CPU
		Release|Any CPU = Release|Any CPU
	EndGlobalSection
	GlobalSection(ProjectConfigurationPlatforms) = postSolution
		{CE9E8C3B-3813-4F4D-8F2E-75DB6B62BB1C}.Debug|Any CPU.ActiveCfg = Debug|Any CPU
		{CE9E8C3B-3813-4F4D-8F2E-75DB6B62BB1C}.Debug|Any CPU.Build.0 = Debug|Any CPU
		{CE9E8C3B-3813-4F4D-8F2E-75DB6B62BB1C}.Release|Any CPU.ActiveCfg = Release|Any CPU
		{CE9E8C3B-3813-4F4D-8F2E-75DB6B62BB1C}.Release|Any CPU.Build.0 = Release|Any CPU
		{57DA3ADB-C91D-4AB9-BDF6-4503D9CEAD67}.Debug|Any CPU.ActiveCfg = Debug|Any CPU
		{57DA3ADB-C91D-4AB9-BDF6-4503D9CEAD67}.Debug|Any CPU.Build.0 = Debug|Any CPU
		{57DA3ADB-C91D-4AB9-BDF6-4503D9CEAD67}.Release|Any CPU.ActiveCfg = Release|Any CPU
		{57DA3ADB-C91D-4AB9-BDF6-4503D9CEAD67}.Release|Any CPU.Build.0 = Release|Any CPU
	EndGlobalSection
	GlobalSection(SolutionProperties) = preSolution
		HideSolutionNode = FALSE
	EndGlobalSection
	GlobalSection(ExtensibilityGlobals) = postSolution
		SolutionGuid = {E6373B06-5F20-411D-85F8-6DFD0183F128}
	EndGlobalSection
EndGlobal
